
Microsoft Visual Studio Solution File, Format Version 12.00
# Visual Studio Version 17
VisualStudioVersion = 17.0.32112.339
MinimumVisualStudioVersion = 10.0.40219.1
Project("{8BC9CEB8-8B4A-11D0-8D11-00A0C91BC942}") = "Cigarette_Electronique", "Cigarette_Electronique\Cigarette_Electronique.vcxproj", "{F5D6F42D-E6AA-4B67-B3B3-1985DB9B8009}"
EndProject
Global
	GlobalSection(SolutionConfigurationPlatforms) = preSolution
		Debug|x64 = Debug|x64
		Debug|x86 = Debug|x86
		Release|x64 = Release|x64
		Release|x86 = Release|x86
	EndGlobalSection
	GlobalSection(ProjectConfigurationPlatforms) = postSolution
		{F5D6F42D-E6AA-4B67-B3B3-1985DB9B8009}.Debug|x64.ActiveCfg = Debug|x64
		{F5D6F42D-E6AA-4B67-B3B3-1985DB9B8009}.Debug|x64.Build.0 = Debug|x64
		{F5D6F42D-E6AA-4B67-B3B3-1985DB9B8009}.Debug|x86.ActiveCfg = Debug|Win32
		{F5D6F42D-E6AA-4B67-B3B3-1985DB9B8009}.Debug|x86.Build.0 = Debug|Win32
		{F5D6F42D-E6AA-4B67-B3B3-1985DB9B8009}.Release|x64.ActiveCfg = Release|x64
		{F5D6F42D-E6AA-4B67-B3B3-1985DB9B8009}.Release|x64.Build.0 = Release|x64
		{F5D6F42D-E6AA-4B67-B3B3-1985DB9B8009}.Release|x86.ActiveCfg = Release|Win32
		{F5D6F42D-E6AA-4B67-B3B3-1985DB9B8009}.Release|x86.Build.0 = Release|Win32
	EndGlobalSection
	GlobalSection(SolutionProperties) = preSolution
		HideSolutionNode = FALSE
	EndGlobalSection
	GlobalSection(ExtensibilityGlobals) = postSolution
		SolutionGuid = {4B7A424F-C848-4B4F-8324-808B444AD251}
	EndGlobalSection
EndGlobal
